
Microsoft Visual Studio Solution File, Format Version 12.00
# Visual Studio 15
VisualStudioVersion = 15.0.27703.2026
MinimumVisualStudioVersion = 10.0.40219.1
Project("{FAE04EC0-301F-11D3-BF4B-00C04F79EFBC}") = "abbie-chuckling-nondirectional", "abbie-chuckling-nondirectional\abbie-chuckling-nondirectional.csproj", "{FF73EA17-79F8-41C6-BFA2-FDCA7A8282D7}"
EndProject
Global
	GlobalSection(SolutionConfigurationPlatforms) = preSolution
		Debug|Any CPU = Debug|Any CPU
		Release|Any CPU = Release|Any CPU
	EndGlobalSection
	GlobalSection(ProjectConfigurationPlatforms) = postSolution
		{FF73EA17-79F8-41C6-BFA2-FDCA7A8282D7}.Debug|Any CPU.ActiveCfg = Debug|Any CPU
		{FF73EA17-79F8-41C6-BFA2-FDCA7A8282D7}.Debug|Any CPU.Build.0 = Debug|Any CPU
		{FF73EA17-79F8-41C6-BFA2-FDCA7A8282D7}.Release|Any CPU.ActiveCfg = Release|Any CPU
		{FF73EA17-79F8-41C6-BFA2-FDCA7A8282D7}.Release|Any CPU.Build.0 = Release|Any CPU
	EndGlobalSection
	GlobalSection(SolutionProperties) = preSolution
		HideSolutionNode = FALSE
	EndGlobalSection
	GlobalSection(ExtensibilityGlobals) = postSolution
		SolutionGuid = {6AE5C195-8111-4513-8984-F999DCD3515F}
	EndGlobalSection
EndGlobal
